// !$*UTF8*$!
{
	archiveVersion = 1;
	classes = {
	};
	objectVersion = 77;
	objects = {

/* Begin PBXBuildFile section */
		1F18091F977BA053D4D66482 /* DispelUITests.swift in Sources */ = {isa = PBXBuildFile; fileRef = F0EFE85DBF29203F59A58709 /* DispelUITests.swift */; };
		3B75D05E365E799098B33562 /* AppDelegate.swift in Sources */ = {isa = PBXBuildFile; fileRef = F16C28C02E7497AD4ED0105F /* AppDelegate.swift */; };
		3BB66AD64F2C07D797E09D3F /* EventTapManager.swift in Sources */ = {isa = PBXBuildFile; fileRef = 4952FC2421DB9504F33FE03C /* EventTapManager.swift */; };
		3EC834A140E70EB4B385514A /* ContentView.swift in Sources */ = {isa = PBXBuildFile; fileRef = A52DB1B1F8980A20981CC073 /* ContentView.swift */; };
		4051AEBFB0AB9BAEB5CA5F0B /* DispelUITestsLaunchTests.swift in Sources */ = {isa = PBXBuildFile; fileRef = BDD4588CDDF50273205340EE /* DispelUITestsLaunchTests.swift */; };
		5FA256C4FFA902A37A9E12D3 /* DispelTests.swift in Sources */ = {isa = PBXBuildFile; fileRef = 08B0C1C0D3D672DB5942B7E3 /* DispelTests.swift */; };
		8564302AA17B66137B00727A /* DispelApp.swift in Sources */ = {isa = PBXBuildFile; fileRef = B5D9DAE63D53A916BA382D58 /* DispelApp.swift */; };
		BF91726090990B54EE1C7345 /* Assets.xcassets in Resources */ = {isa = PBXBuildFile; fileRef = 3C8F633E7155E9EF3614E414 /* Assets.xcassets */; };
		D386D351DD0B15621E48766A /* StatusMenuController.swift in Sources */ = {isa = PBXBuildFile; fileRef = 3C7EF45DB4A5315A5792842F /* StatusMenuController.swift */; };
/* End PBXBuildFile section */

/* Begin PBXContainerItemProxy section */
		408C4D777C80D19857A6C9DA /* PBXContainerItemProxy */ = {
			isa = PBXContainerItemProxy;
			containerPortal = 26EC29BCC50CF640B45DC77B /* Project object */;
			proxyType = 1;
			remoteGlobalIDString = 0DB807FB5006B649B69860FE;
			remoteInfo = Dispel;
		};
		E247A814380EBFC5AA82E040 /* PBXContainerItemProxy */ = {
			isa = PBXContainerItemProxy;
			containerPortal = 26EC29BCC50CF640B45DC77B /* Project object */;
			proxyType = 1;
			remoteGlobalIDString = 0DB807FB5006B649B69860FE;
			remoteInfo = Dispel;
		};
/* End PBXContainerItemProxy section */

/* Begin PBXFileReference section */
		08B0C1C0D3D672DB5942B7E3 /* DispelTests.swift */ = {isa = PBXFileReference; lastKnownFileType = sourcecode.swift; path = DispelTests.swift; sourceTree = "<group>"; };
		183F7FC87CECF959633AF1D1 /* Dispel.app */ = {isa = PBXFileReference; explicitFileType = wrapper.application; includeInIndex = 0; path = Dispel.app; sourceTree = BUILT_PRODUCTS_DIR; };
		3C7EF45DB4A5315A5792842F /* StatusMenuController.swift */ = {isa = PBXFileReference; lastKnownFileType = sourcecode.swift; path = StatusMenuController.swift; sourceTree = "<group>"; };
		3C8F633E7155E9EF3614E414 /* Assets.xcassets */ = {isa = PBXFileReference; lastKnownFileType = folder.assetcatalog; path = Assets.xcassets; sourceTree = "<group>"; };
		4952FC2421DB9504F33FE03C /* EventTapManager.swift */ = {isa = PBXFileReference; lastKnownFileType = sourcecode.swift; path = EventTapManager.swift; sourceTree = "<group>"; };
		59D776A58ADCC2DBF430CCAE /* Info.plist */ = {isa = PBXFileReference; lastKnownFileType = text.plist; path = Info.plist; sourceTree = "<group>"; };
		67AEEDFD9B21B07E461030BB /* DispelUITests.xctest */ = {isa = PBXFileReference; explicitFileType = wrapper.cfbundle; includeInIndex = 0; path = DispelUITests.xctest; sourceTree = BUILT_PRODUCTS_DIR; };
		6B2AE8429ADD409C66CDFFC0 /* DispelTests.xctest */ = {isa = PBXFileReference; explicitFileType = wrapper.cfbundle; includeInIndex = 0; path = DispelTests.xctest; sourceTree = BUILT_PRODUCTS_DIR; };
		A52DB1B1F8980A20981CC073 /* ContentView.swift */ = {isa = PBXFileReference; lastKnownFileType = sourcecode.swift; path = ContentView.swift; sourceTree = "<group>"; };
		B5D9DAE63D53A916BA382D58 /* DispelApp.swift */ = {isa = PBXFileReference; lastKnownFileType = sourcecode.swift; path = DispelApp.swift; sourceTree = "<group>"; };
		BDD4588CDDF50273205340EE /* DispelUITestsLaunchTests.swift */ = {isa = PBXFileReference; lastKnownFileType = sourcecode.swift; path = DispelUITestsLaunchTests.swift; sourceTree = "<group>"; };
		F0EFE85DBF29203F59A58709 /* DispelUITests.swift */ = {isa = PBXFileReference; lastKnownFileType = sourcecode.swift; path = DispelUITests.swift; sourceTree = "<group>"; };
		F16C28C02E7497AD4ED0105F /* AppDelegate.swift */ = {isa = PBXFileReference; lastKnownFileType = sourcecode.swift; path = AppDelegate.swift; sourceTree = "<group>"; };
/* End PBXFileReference section */

/* Begin PBXGroup section */
		0313286C2C1F7E7488FCBC46 /* Dispel */ = {
			isa = PBXGroup;
			children = (
				F16C28C02E7497AD4ED0105F /* AppDelegate.swift */,
				3C8F633E7155E9EF3614E414 /* Assets.xcassets */,
				A52DB1B1F8980A20981CC073 /* ContentView.swift */,
				B5D9DAE63D53A916BA382D58 /* DispelApp.swift */,
				4952FC2421DB9504F33FE03C /* EventTapManager.swift */,
				59D776A58ADCC2DBF430CCAE /* Info.plist */,
				3C7EF45DB4A5315A5792842F /* StatusMenuController.swift */,
			);
			path = Dispel;
			sourceTree = "<group>";
		};
		94B093CC8CDACCD9022336BF = {
			isa = PBXGroup;
			children = (
				0313286C2C1F7E7488FCBC46 /* Dispel */,
				EC66AEA0A3C4CB371723EE9B /* DispelTests */,
				9D5CBB4D662E8F865A95721F /* DispelUITests */,
				F5ED87D91EBB83D71B3A0346 /* Products */,
			);
			sourceTree = "<group>";
		};
		9D5CBB4D662E8F865A95721F /* DispelUITests */ = {
			isa = PBXGroup;
			children = (
				F0EFE85DBF29203F59A58709 /* DispelUITests.swift */,
				BDD4588CDDF50273205340EE /* DispelUITestsLaunchTests.swift */,
			);
			path = DispelUITests;
			sourceTree = "<group>";
		};
		EC66AEA0A3C4CB371723EE9B /* DispelTests */ = {
			isa = PBXGroup;
			children = (
				08B0C1C0D3D672DB5942B7E3 /* DispelTests.swift */,
			);
			path = DispelTests;
			sourceTree = "<group>";
		};
		F5ED87D91EBB83D71B3A0346 /* Products */ = {
			isa = PBXGroup;
			children = (
				183F7FC87CECF959633AF1D1 /* Dispel.app */,
				6B2AE8429ADD409C66CDFFC0 /* DispelTests.xctest */,
				67AEEDFD9B21B07E461030BB /* DispelUITests.xctest */,
			);
			name = Products;
			sourceTree = "<group>";
		};
/* End PBXGroup section */

/* Begin PBXNativeTarget section */
		0DB807FB5006B649B69860FE /* Dispel */ = {
			isa = PBXNativeTarget;
			buildConfigurationList = 48A9F4503E63F98E36C2F520 /* Build configuration list for PBXNativeTarget "Dispel" */;
			buildPhases = (
				ED8DFC901D7B3C20D342F242 /* Sources */,
				A5F863118FC72D9EE35B8840 /* Resources */,
			);
			buildRules = (
			);
			dependencies = (
			);
			name = Dispel;
			packageProductDependencies = (
			);
			productName = Dispel;
			productReference = 183F7FC87CECF959633AF1D1 /* Dispel.app */;
			productType = "com.apple.product-type.application";
		};
		94D1004842784ABD8FA65D6E /* DispelUITests */ = {
			isa = PBXNativeTarget;
			buildConfigurationList = A331AF41DA2A0CC0B15383E8 /* Build configuration list for PBXNativeTarget "DispelUITests" */;
			buildPhases = (
				049B686C67C449C5DD8408D2 /* Sources */,
			);
			buildRules = (
			);
			dependencies = (
				911A67E953B49FA1ED865CCD /* PBXTargetDependency */,
			);
			name = DispelUITests;
			packageProductDependencies = (
			);
			productName = DispelUITests;
			productReference = 67AEEDFD9B21B07E461030BB /* DispelUITests.xctest */;
			productType = "com.apple.product-type.bundle.ui-testing";
		};
		F82BA8E7DF5DD1C72C642111 /* DispelTests */ = {
			isa = PBXNativeTarget;
			buildConfigurationList = 77693911D1B49CFD664F2299 /* Build configuration list for PBXNativeTarget "DispelTests" */;
			buildPhases = (
				48D24C2DF87C6E8A92FC02F7 /* Sources */,
			);
			buildRules = (
			);
			dependencies = (
				5BF512B1884AB0F9D51D5BDE /* PBXTargetDependency */,
			);
			name = DispelTests;
			packageProductDependencies = (
			);
			productName = DispelTests;
			productReference = 6B2AE8429ADD409C66CDFFC0 /* DispelTests.xctest */;
			productType = "com.apple.product-type.bundle.unit-test";
		};
/* End PBXNativeTarget section */

/* Begin PBXProject section */
		26EC29BCC50CF640B45DC77B /* Project object */ = {
			isa = PBXProject;
			attributes = {
				BuildIndependentTargetsInParallel = YES;
				LastUpgradeCheck = 1430;
				TargetAttributes = {
					0DB807FB5006B649B69860FE = {
						DevelopmentTeam = "";
						ProvisioningStyle = Manual;
					};
					94D1004842784ABD8FA65D6E = {
						DevelopmentTeam = "";
						ProvisioningStyle = Manual;
						TestTargetID = 0DB807FB5006B649B69860FE;
					};
					F82BA8E7DF5DD1C72C642111 = {
						DevelopmentTeam = "";
						ProvisioningStyle = Manual;
					};
				};
			};
			buildConfigurationList = CBBD565E6FFA7C7592E56E7C /* Build configuration list for PBXProject "Dispel" */;
			compatibilityVersion = "Xcode 14.0";
			developmentRegion = en;
			hasScannedForEncodings = 0;
			knownRegions = (
				Base,
				en,
			);
			mainGroup = 94B093CC8CDACCD9022336BF;
			minimizedProjectReferenceProxies = 1;
			preferredProjectObjectVersion = 77;
			projectDirPath = "";
			projectRoot = "";
			targets = (
				0DB807FB5006B649B69860FE /* Dispel */,
				F82BA8E7DF5DD1C72C642111 /* DispelTests */,
				94D1004842784ABD8FA65D6E /* DispelUITests */,
			);
		};
/* End PBXProject section */

/* Begin PBXResourcesBuildPhase section */
		A5F863118FC72D9EE35B8840 /* Resources */ = {
			isa = PBXResourcesBuildPhase;
			buildActionMask = 2147483647;
			files = (
				BF91726090990B54EE1C7345 /* Assets.xcassets in Resources */,
			);
			runOnlyForDeploymentPostprocessing = 0;
		};
/* End PBXResourcesBuildPhase section */

/* Begin PBXSourcesBuildPhase section */
		049B686C67C449C5DD8408D2 /* Sources */ = {
			isa = PBXSourcesBuildPhase;
			buildActionMask = 2147483647;
			files = (
				1F18091F977BA053D4D66482 /* DispelUITests.swift in Sources */,
				4051AEBFB0AB9BAEB5CA5F0B /* DispelUITestsLaunchTests.swift in Sources */,
			);
			runOnlyForDeploymentPostprocessing = 0;
		};
		48D24C2DF87C6E8A92FC02F7 /* Sources */ = {
			isa = PBXSourcesBuildPhase;
			buildActionMask = 2147483647;
			files = (
				5FA256C4FFA902A37A9E12D3 /* DispelTests.swift in Sources */,
			);
			runOnlyForDeploymentPostprocessing = 0;
		};
		ED8DFC901D7B3C20D342F242 /* Sources */ = {
			isa = PBXSourcesBuildPhase;
			buildActionMask = 2147483647;
			files = (
				3B75D05E365E799098B33562 /* AppDelegate.swift in Sources */,
				3EC834A140E70EB4B385514A /* ContentView.swift in Sources */,
				8564302AA17B66137B00727A /* DispelApp.swift in Sources */,
				3BB66AD64F2C07D797E09D3F /* EventTapManager.swift in Sources */,
				D386D351DD0B15621E48766A /* StatusMenuController.swift in Sources */,
			);
			runOnlyForDeploymentPostprocessing = 0;
		};
/* End PBXSourcesBuildPhase section */

/* Begin PBXTargetDependency section */
		5BF512B1884AB0F9D51D5BDE /* PBXTargetDependency */ = {
			isa = PBXTargetDependency;
			target = 0DB807FB5006B649B69860FE /* Dispel */;
			targetProxy = 408C4D777C80D19857A6C9DA /* PBXContainerItemProxy */;
		};
		911A67E953B49FA1ED865CCD /* PBXTargetDependency */ = {
			isa = PBXTargetDependency;
			target = 0DB807FB5006B649B69860FE /* Dispel */;
			targetProxy = E247A814380EBFC5AA82E040 /* PBXContainerItemProxy */;
		};
/* End PBXTargetDependency section */

/* Begin XCBuildConfiguration section */
		0CF9F28E16F7F1CEBF624946 /* Release */ = {
			isa = XCBuildConfiguration;
			buildSettings = {
				BUNDLE_LOADER = "$(TEST_HOST)";
				CURRENT_PROJECT_VERSION = 1;
				GENERATE_INFOPLIST_FILE = YES;
				MACOSX_DEPLOYMENT_TARGET = 26.0;
				MARKETING_VERSION = 1.0;
				PRODUCT_BUNDLE_IDENTIFIER = com.neutronstar.DispelTests;
				PRODUCT_NAME = "$(TARGET_NAME)";
				STRING_CATALOG_GENERATE_SYMBOLS = NO;
				SWIFT_APPROACHABLE_CONCURRENCY = YES;
				SWIFT_EMIT_LOC_STRINGS = NO;
				SWIFT_UPCOMING_FEATURE_MEMBER_IMPORT_VISIBILITY = YES;
				TEST_HOST = "$(BUILT_PRODUCTS_DIR)/Dispel.app/$(BUNDLE_EXECUTABLE_FOLDER_PATH)/Dispel";
			};
			name = Release;
		};
		116F8EDA3C2988D2323B869E /* Release */ = {
			isa = XCBuildConfiguration;
			buildSettings = {
				CURRENT_PROJECT_VERSION = 1;
				GENERATE_INFOPLIST_FILE = YES;
				MACOSX_DEPLOYMENT_TARGET = 26.0;
				MARKETING_VERSION = 1.0;
				PRODUCT_BUNDLE_IDENTIFIER = com.neutronstar.DispelUITests;
				PRODUCT_NAME = "$(TARGET_NAME)";
				STRING_CATALOG_GENERATE_SYMBOLS = NO;
				SWIFT_APPROACHABLE_CONCURRENCY = YES;
				SWIFT_EMIT_LOC_STRINGS = NO;
				SWIFT_UPCOMING_FEATURE_MEMBER_IMPORT_VISIBILITY = YES;
				TEST_TARGET_NAME = Dispel;
			};
			name = Release;
		};
		12311CD2EC51F919C948421A /* Release */ = {
			isa = XCBuildConfiguration;
			buildSettings = {
				CODE_SIGN_STYLE = Manual;
				DEVELOPMENT_TEAM = "";
				ENABLE_USER_SCRIPT_SANDBOXING = YES;
				LOCALIZATION_PREFERS_STRING_CATALOGS = YES;
				MACOSX_DEPLOYMENT_TARGET = 26.0;
				SDKROOT = macosx;
				SWIFT_COMPILATION_MODE = wholemodule;
				SWIFT_VERSION = 5.0;
			};
			name = Release;
		};
		3D9AB2F3568AE3AC21D9E51E /* Release */ = {
			isa = XCBuildConfiguration;
			buildSettings = {
				ASSETCATALOG_COMPILER_APPICON_NAME = AppIcon;
				ASSETCATALOG_COMPILER_GLOBAL_ACCENT_COLOR_NAME = AccentColor;
				COMBINE_HIDPI_IMAGES = YES;
				CURRENT_PROJECT_VERSION = 1;
				ENABLE_APP_SANDBOX = YES;
				ENABLE_HARDENED_RUNTIME = YES;
				ENABLE_PREVIEWS = YES;
				ENABLE_USER_SELECTED_FILES = readonly;
				GENERATE_INFOPLIST_FILE = YES;
				INFOPLIST_FILE = Dispel/Info.plist;
				INFOPLIST_KEY_LSUIElement = YES;
				INFOPLIST_KEY_NSHumanReadableCopyright = "";
				LD_RUNPATH_SEARCH_PATHS = (
					"$(inherited)",
					"@executable_path/../Frameworks",
				);
				MACOSX_DEPLOYMENT_TARGET = 26.0;
				MARKETING_VERSION = 1.0;
				PRODUCT_BUNDLE_IDENTIFIER = com.neutronstar.Dispel;
				PRODUCT_NAME = "$(TARGET_NAME)";
				PROVISIONING_PROFILE_SPECIFIER = "";
				REGISTER_APP_GROUPS = YES;
				STRING_CATALOG_GENERATE_SYMBOLS = YES;
				SWIFT_APPROACHABLE_CONCURRENCY = YES;
				SWIFT_DEFAULT_ACTOR_ISOLATION = MainActor;
				SWIFT_EMIT_LOC_STRINGS = YES;
				SWIFT_UPCOMING_FEATURE_MEMBER_IMPORT_VISIBILITY = YES;
			};
			name = Release;
		};
		47DD8F073D103327604BC166 /* Debug */ = {
			isa = XCBuildConfiguration;
			buildSettings = {
				BUNDLE_LOADER = "$(TEST_HOST)";
				CURRENT_PROJECT_VERSION = 1;
				GENERATE_INFOPLIST_FILE = YES;
				MACOSX_DEPLOYMENT_TARGET = 26.0;
				MARKETING_VERSION = 1.0;
				PRODUCT_BUNDLE_IDENTIFIER = com.neutronstar.DispelTests;
				PRODUCT_NAME = "$(TARGET_NAME)";
				STRING_CATALOG_GENERATE_SYMBOLS = NO;
				SWIFT_APPROACHABLE_CONCURRENCY = YES;
				SWIFT_EMIT_LOC_STRINGS = NO;
				SWIFT_UPCOMING_FEATURE_MEMBER_IMPORT_VISIBILITY = YES;
				TEST_HOST = "$(BUILT_PRODUCTS_DIR)/Dispel.app/$(BUNDLE_EXECUTABLE_FOLDER_PATH)/Dispel";
			};
			name = Debug;
		};
		693D65D8CC581B677C54F09D /* Debug */ = {
			isa = XCBuildConfiguration;
			buildSettings = {
				CURRENT_PROJECT_VERSION = 1;
				GENERATE_INFOPLIST_FILE = YES;
				MACOSX_DEPLOYMENT_TARGET = 26.0;
				MARKETING_VERSION = 1.0;
				PRODUCT_BUNDLE_IDENTIFIER = com.neutronstar.DispelUITests;
				PRODUCT_NAME = "$(TARGET_NAME)";
				STRING_CATALOG_GENERATE_SYMBOLS = NO;
				SWIFT_APPROACHABLE_CONCURRENCY = YES;
				SWIFT_EMIT_LOC_STRINGS = NO;
				SWIFT_UPCOMING_FEATURE_MEMBER_IMPORT_VISIBILITY = YES;
				TEST_TARGET_NAME = Dispel;
			};
			name = Debug;
		};
		6B59C33167479985BEA0DE1B /* Debug */ = {
			isa = XCBuildConfiguration;
			buildSettings = {
				ASSETCATALOG_COMPILER_APPICON_NAME = AppIcon;
				ASSETCATALOG_COMPILER_GLOBAL_ACCENT_COLOR_NAME = AccentColor;
				COMBINE_HIDPI_IMAGES = YES;
				CURRENT_PROJECT_VERSION = 1;
				ENABLE_APP_SANDBOX = YES;
				ENABLE_HARDENED_RUNTIME = YES;
				ENABLE_PREVIEWS = YES;
				ENABLE_USER_SELECTED_FILES = readonly;
				GENERATE_INFOPLIST_FILE = YES;
				INFOPLIST_FILE = Dispel/Info.plist;
				INFOPLIST_KEY_LSUIElement = YES;
				INFOPLIST_KEY_NSHumanReadableCopyright = "";
				LD_RUNPATH_SEARCH_PATHS = (
					"$(inherited)",
					"@executable_path/../Frameworks",
				);
				MACOSX_DEPLOYMENT_TARGET = 26.0;
				MARKETING_VERSION = 1.0;
				PRODUCT_BUNDLE_IDENTIFIER = com.neutronstar.Dispel;
				PRODUCT_NAME = "$(TARGET_NAME)";
				PROVISIONING_PROFILE_SPECIFIER = "";
				REGISTER_APP_GROUPS = YES;
				STRING_CATALOG_GENERATE_SYMBOLS = YES;
				SWIFT_APPROACHABLE_CONCURRENCY = YES;
				SWIFT_DEFAULT_ACTOR_ISOLATION = MainActor;
				SWIFT_EMIT_LOC_STRINGS = YES;
				SWIFT_UPCOMING_FEATURE_MEMBER_IMPORT_VISIBILITY = YES;
			};
			name = Debug;
		};
		E52042CC2FA493B68DB30C93 /* Debug */ = {
			isa = XCBuildConfiguration;
			buildSettings = {
				CODE_SIGN_STYLE = Manual;
				DEVELOPMENT_TEAM = "";
				ENABLE_USER_SCRIPT_SANDBOXING = YES;
				LOCALIZATION_PREFERS_STRING_CATALOGS = YES;
				MACOSX_DEPLOYMENT_TARGET = 26.0;
				SDKROOT = macosx;
				SWIFT_ACTIVE_COMPILATION_CONDITIONS = "DEBUG $(inherited)";
				SWIFT_OPTIMIZATION_LEVEL = "-Onone";
				SWIFT_VERSION = 5.0;
			};
			name = Debug;
		};
/* End XCBuildConfiguration section */

/* Begin XCConfigurationList section */
		48A9F4503E63F98E36C2F520 /* Build configuration list for PBXNativeTarget "Dispel" */ = {
			isa = XCConfigurationList;
			buildConfigurations = (
				6B59C33167479985BEA0DE1B /* Debug */,
				3D9AB2F3568AE3AC21D9E51E /* Release */,
			);
			defaultConfigurationIsVisible = 0;
			defaultConfigurationName = Debug;
		};
		77693911D1B49CFD664F2299 /* Build configuration list for PBXNativeTarget "DispelTests" */ = {
			isa = XCConfigurationList;
			buildConfigurations = (
				47DD8F073D103327604BC166 /* Debug */,
				0CF9F28E16F7F1CEBF624946 /* Release */,
			);
			defaultConfigurationIsVisible = 0;
			defaultConfigurationName = Debug;
		};
		A331AF41DA2A0CC0B15383E8 /* Build configuration list for PBXNativeTarget "DispelUITests" */ = {
			isa = XCConfigurationList;
			buildConfigurations = (
				693D65D8CC581B677C54F09D /* Debug */,
				116F8EDA3C2988D2323B869E /* Release */,
			);
			defaultConfigurationIsVisible = 0;
			defaultConfigurationName = Debug;
		};
		CBBD565E6FFA7C7592E56E7C /* Build configuration list for PBXProject "Dispel" */ = {
			isa = XCConfigurationList;
			buildConfigurations = (
				E52042CC2FA493B68DB30C93 /* Debug */,
				12311CD2EC51F919C948421A /* Release */,
			);
			defaultConfigurationIsVisible = 0;
			defaultConfigurationName = Debug;
		};
/* End XCConfigurationList section */
	};
	rootObject = 26EC29BCC50CF640B45DC77B /* Project object */;
}
